
Microsoft Visual Studio Solution File, Format Version 12.00
# Visual Studio 2013
VisualStudioVersion = 12.0.40629.0
MinimumVisualStudioVersion = 10.0.40219.1
Project("{FAE04EC0-301F-11D3-BF4B-00C04F79EFBC}") = "RL.Web", "RL.Web\RL.Web.csproj", "{050FCC4C-84F5-4653-B624-93C19945BA99}"
EndProject
Project("{FAE04EC0-301F-11D3-BF4B-00C04F79EFBC}") = "RL.DataProcessing.Contract", "RL.DataProcessing.Contract\RL.DataProcessing.Contract.csproj", "{E8DD7ABA-D194-452D-AB02-A92B11B3654D}"
EndProject
Project("{FAE04EC0-301F-11D3-BF4B-00C04F79EFBC}") = "RL.DataProcessing.Implementation", "RL.DataProcessing.Implementation\RL.DataProcessing.Implementation.csproj", "{0DB51A0F-43BC-448B-9F7C-DD22E3984585}"
EndProject
Project("{FAE04EC0-301F-11D3-BF4B-00C04F79EFBC}") = "RL.DataConfiguration", "RL.Configuration\RL.DataConfiguration.csproj", "{5EAF46A4-E814-40B9-BBD3-BE28F5EB0134}"
EndProject
Project("{FAE04EC0-301F-11D3-BF4B-00C04F79EFBC}") = "RL.Business.Contract", "RL.Business.Contract\RL.Business.Contract.csproj", "{A290658F-1517-470E-BA05-D27D79C64946}"
EndProject
Project("{FAE04EC0-301F-11D3-BF4B-00C04F79EFBC}") = "RL.Business.Iimplementation", "RL.Business.Iimplementation\RL.Business.Iimplementation.csproj", "{83EF0590-147E-46C3-A84C-0D61E66BA270}"
EndProject
Project("{FAE04EC0-301F-11D3-BF4B-00C04F79EFBC}") = "RL.Common", "RL.Common\RL.Common.csproj", "{6863D01D-B6FA-400F-894A-BAF437940FD8}"
EndProject
Project("{FAE04EC0-301F-11D3-BF4B-00C04F79EFBC}") = "RL.Entity", "RL.Entity\RL.Entity.csproj", "{9CFE0E86-FDB6-4A3C-9D42-87E5927078E2}"
EndProject
Project("{FAE04EC0-301F-11D3-BF4B-00C04F79EFBC}") = "RL.OwnData.Contract", "RL.OwnData.Contract\RL.OwnData.Contract.csproj", "{A2BBCA6F-3513-495D-9F7E-A5048CD074D9}"
EndProject
Project("{FAE04EC0-301F-11D3-BF4B-00C04F79EFBC}") = "RL.OwnData.Implementation", "RL.OwnData.Implementation\RL.OwnData.Implementation.csproj", "{B7C24984-B233-4341-8056-542361758BED}"
EndProject
Project("{FAE04EC0-301F-11D3-BF4B-00C04F79EFBC}") = "RL.RemoteData.Contract", "RL.RemoteData.Contract\RL.RemoteData.Contract.csproj", "{9BBD3A3E-6BB3-4B5A-943D-A1667A59D664}"
EndProject
Project("{FAE04EC0-301F-11D3-BF4B-00C04F79EFBC}") = "RL.RemoteData.Implementation", "RL.RemoteData.Implementation\RL.RemoteData.Implementation.csproj", "{82D6F7CC-9008-47B3-BF2A-C338CA770910}"
EndProject
Project("{2150E333-8FDC-42A3-9474-1A3956D46DE8}") = ".nuget", ".nuget", "{33A51FA4-BA68-4F47-84F8-F7A5218E725B}"
	ProjectSection(SolutionItems) = preProject
		.nuget\NuGet.Config = .nuget\NuGet.Config
		.nuget\NuGet.exe = .nuget\NuGet.exe
		.nuget\NuGet.targets = .nuget\NuGet.targets
	EndProjectSection
EndProject
Project("{FAE04EC0-301F-11D3-BF4B-00C04F79EFBC}") = "RL.Business.Configuration", "RL.Business.Configuration\RL.Business.Configuration.csproj", "{B5651A00-4850-492B-B674-619B9D6DA5D3}"
EndProject
Project("{FAE04EC0-301F-11D3-BF4B-00C04F79EFBC}") = "RL.Tests.Unit", "RL.UnitTests\RL.Tests.Unit.csproj", "{2285FB16-FB8E-432E-95E3-95C9E2902EAF}"
EndProject
Project("{FAE04EC0-301F-11D3-BF4B-00C04F79EFBC}") = "RL.Tests.Integration", "RL.IntegrationTests\RL.Tests.Integration.csproj", "{98F30227-85C8-4CBD-9D2C-008CE679EB7B}"
EndProject
Project("{FAE04EC0-301F-11D3-BF4B-00C04F79EFBC}") = "RL.Tests.EndToEnd", "RL.Tests.EndToEnd\RL.Tests.EndToEnd.csproj", "{BB8702A6-3376-470B-B7FC-9491B3685BC7}"
EndProject
Global
	GlobalSection(SolutionConfigurationPlatforms) = preSolution
		Debug|Any CPU = Debug|Any CPU
		Release|Any CPU = Release|Any CPU
	EndGlobalSection
	GlobalSection(ProjectConfigurationPlatforms) = postSolution
		{050FCC4C-84F5-4653-B624-93C19945BA99}.Debug|Any CPU.ActiveCfg = Debug|Any CPU
		{050FCC4C-84F5-4653-B624-93C19945BA99}.Debug|Any CPU.Build.0 = Debug|Any CPU
		{050FCC4C-84F5-4653-B624-93C19945BA99}.Release|Any CPU.ActiveCfg = Release|Any CPU
		{050FCC4C-84F5-4653-B624-93C19945BA99}.Release|Any CPU.Build.0 = Release|Any CPU
		{E8DD7ABA-D194-452D-AB02-A92B11B3654D}.Debug|Any CPU.ActiveCfg = Debug|Any CPU
		{E8DD7ABA-D194-452D-AB02-A92B11B3654D}.Debug|Any CPU.Build.0 = Debug|Any CPU
		{E8DD7ABA-D194-452D-AB02-A92B11B3654D}.Release|Any CPU.ActiveCfg = Release|Any CPU
		{E8DD7ABA-D194-452D-AB02-A92B11B3654D}.Release|Any CPU.Build.0 = Release|Any CPU
		{0DB51A0F-43BC-448B-9F7C-DD22E3984585}.Debug|Any CPU.ActiveCfg = Debug|Any CPU
		{0DB51A0F-43BC-448B-9F7C-DD22E3984585}.Debug|Any CPU.Build.0 = Debug|Any CPU
		{0DB51A0F-43BC-448B-9F7C-DD22E3984585}.Release|Any CPU.ActiveCfg = Release|Any CPU
		{0DB51A0F-43BC-448B-9F7C-DD22E3984585}.Release|Any CPU.Build.0 = Release|Any CPU
		{5EAF46A4-E814-40B9-BBD3-BE28F5EB0134}.Debug|Any CPU.ActiveCfg = Debug|Any CPU
		{5EAF46A4-E814-40B9-BBD3-BE28F5EB0134}.Debug|Any CPU.Build.0 = Debug|Any CPU
		{5EAF46A4-E814-40B9-BBD3-BE28F5EB0134}.Release|Any CPU.ActiveCfg = Release|Any CPU
		{5EAF46A4-E814-40B9-BBD3-BE28F5EB0134}.Release|Any CPU.Build.0 = Release|Any CPU
		{A290658F-1517-470E-BA05-D27D79C64946}.Debug|Any CPU.ActiveCfg = Debug|Any CPU
		{A290658F-1517-470E-BA05-D27D79C64946}.Debug|Any CPU.Build.0 = Debug|Any CPU
		{A290658F-1517-470E-BA05-D27D79C64946}.Release|Any CPU.ActiveCfg = Release|Any CPU
		{A290658F-1517-470E-BA05-D27D79C64946}.Release|Any CPU.Build.0 = Release|Any CPU
		{83EF0590-147E-46C3-A84C-0D61E66BA270}.Debug|Any CPU.ActiveCfg = Debug|Any CPU
		{83EF0590-147E-46C3-A84C-0D61E66BA270}.Debug|Any CPU.Build.0 = Debug|Any CPU
		{83EF0590-147E-46C3-A84C-0D61E66BA270}.Release|Any CPU.ActiveCfg = Release|Any CPU
		{83EF0590-147E-46C3-A84C-0D61E66BA270}.Release|Any CPU.Build.0 = Release|Any CPU
		{6863D01D-B6FA-400F-894A-BAF437940FD8}.Debug|Any CPU.ActiveCfg = Debug|Any CPU
		{6863D01D-B6FA-400F-894A-BAF437940FD8}.Debug|Any CPU.Build.0 = Debug|Any CPU
		{6863D01D-B6FA-400F-894A-BAF437940FD8}.Release|Any CPU.ActiveCfg = Release|Any CPU
		{6863D01D-B6FA-400F-894A-BAF437940FD8}.Release|Any CPU.Build.0 = Release|Any CPU
		{9CFE0E86-FDB6-4A3C-9D42-87E5927078E2}.Debug|Any CPU.ActiveCfg = Debug|Any CPU
		{9CFE0E86-FDB6-4A3C-9D42-87E5927078E2}.Debug|Any CPU.Build.0 = Debug|Any CPU
		{9CFE0E86-FDB6-4A3C-9D42-87E5927078E2}.Release|Any CPU.ActiveCfg = Release|Any CPU
		{9CFE0E86-FDB6-4A3C-9D42-87E5927078E2}.Release|Any CPU.Build.0 = Release|Any CPU
		{A2BBCA6F-3513-495D-9F7E-A5048CD074D9}.Debug|Any CPU.ActiveCfg = Debug|Any CPU
		{A2BBCA6F-3513-495D-9F7E-A5048CD074D9}.Debug|Any CPU.Build.0 = Debug|Any CPU
		{A2BBCA6F-3513-495D-9F7E-A5048CD074D9}.Release|Any CPU.ActiveCfg = Release|Any CPU
		{A2BBCA6F-3513-495D-9F7E-A5048CD074D9}.Release|Any CPU.Build.0 = Release|Any CPU
		{B7C24984-B233-4341-8056-542361758BED}.Debug|Any CPU.ActiveCfg = Debug|Any CPU
		{B7C24984-B233-4341-8056-542361758BED}.Debug|Any CPU.Build.0 = Debug|Any CPU
		{B7C24984-B233-4341-8056-542361758BED}.Release|Any CPU.ActiveCfg = Release|Any CPU
		{B7C24984-B233-4341-8056-542361758BED}.Release|Any CPU.Build.0 = Release|Any CPU
		{9BBD3A3E-6BB3-4B5A-943D-A1667A59D664}.Debug|Any CPU.ActiveCfg = Debug|Any CPU
		{9BBD3A3E-6BB3-4B5A-943D-A1667A59D664}.Debug|Any CPU.Build.0 = Debug|Any CPU
		{9BBD3A3E-6BB3-4B5A-943D-A1667A59D664}.Release|Any CPU.ActiveCfg = Release|Any CPU
		{9BBD3A3E-6BB3-4B5A-943D-A1667A59D664}.Release|Any CPU.Build.0 = Release|Any CPU
		{82D6F7CC-9008-47B3-BF2A-C338CA770910}.Debug|Any CPU.ActiveCfg = Debug|Any CPU
		{82D6F7CC-9008-47B3-BF2A-C338CA770910}.Debug|Any CPU.Build.0 = Debug|Any CPU
		{82D6F7CC-9008-47B3-BF2A-C338CA770910}.Release|Any CPU.ActiveCfg = Release|Any CPU
		{82D6F7CC-9008-47B3-BF2A-C338CA770910}.Release|Any CPU.Build.0 = Release|Any CPU
		{B5651A00-4850-492B-B674-619B9D6DA5D3}.Debug|Any CPU.ActiveCfg = Debug|Any CPU
		{B5651A00-4850-492B-B674-619B9D6DA5D3}.Debug|Any CPU.Build.0 = Debug|Any CPU
		{B5651A00-4850-492B-B674-619B9D6DA5D3}.Release|Any CPU.ActiveCfg = Release|Any CPU
		{B5651A00-4850-492B-B674-619B9D6DA5D3}.Release|Any CPU.Build.0 = Release|Any CPU
		{2285FB16-FB8E-432E-95E3-95C9E2902EAF}.Debug|Any CPU.ActiveCfg = Debug|Any CPU
		{2285FB16-FB8E-432E-95E3-95C9E2902EAF}.Debug|Any CPU.Build.0 = Debug|Any CPU
		{2285FB16-FB8E-432E-95E3-95C9E2902EAF}.Release|Any CPU.ActiveCfg = Release|Any CPU
		{2285FB16-FB8E-432E-95E3-95C9E2902EAF}.Release|Any CPU.Build.0 = Release|Any CPU
		{98F30227-85C8-4CBD-9D2C-008CE679EB7B}.Debug|Any CPU.ActiveCfg = Debug|Any CPU
		{98F30227-85C8-4CBD-9D2C-008CE679EB7B}.Debug|Any CPU.Build.0 = Debug|Any CPU
		{98F30227-85C8-4CBD-9D2C-008CE679EB7B}.Release|Any CPU.ActiveCfg = Release|Any CPU
		{98F30227-85C8-4CBD-9D2C-008CE679EB7B}.Release|Any CPU.Build.0 = Release|Any CPU
		{BB8702A6-3376-470B-B7FC-9491B3685BC7}.Debug|Any CPU.ActiveCfg = Debug|Any CPU
		{BB8702A6-3376-470B-B7FC-9491B3685BC7}.Debug|Any CPU.Build.0 = Debug|Any CPU
		{BB8702A6-3376-470B-B7FC-9491B3685BC7}.Release|Any CPU.ActiveCfg = Release|Any CPU
		{BB8702A6-3376-470B-B7FC-9491B3685BC7}.Release|Any CPU.Build.0 = Release|Any CPU
	EndGlobalSection
	GlobalSection(SolutionProperties) = preSolution
		HideSolutionNode = FALSE
	EndGlobalSection
EndGlobal
